
Microsoft Visual Studio Solution File, Format Version 12.00
# Visual Studio 15
VisualStudioVersion = 15.0.28307.572
MinimumVisualStudioVersion = 10.0.40219.1
Project("{FAE04EC0-301F-11D3-BF4B-00C04F79EFBC}") = "01. Email Validator", "01. Email Validator\01. Email Validator.csproj", "{B8E5155E-E4D9-4D1C-B9F1-2EDAF65CD847}"
EndProject
Project("{FAE04EC0-301F-11D3-BF4B-00C04F79EFBC}") = "02. Registration", "02. Registration\02. Registration.csproj", "{AEDBAB85-179A-47E4-B95E-F7D64D119A42}"
EndProject
Project("{FAE04EC0-301F-11D3-BF4B-00C04F79EFBC}") = "03. Inbox Manager", "03. Inbox Manager\03. Inbox Manager.csproj", "{618D5C6D-3A08-4DE1-A706-700F133ECB8D}"
EndProject
Global
	GlobalSection(SolutionConfigurationPlatforms) = preSolution
		Debug|Any CPU = Debug|Any CPU
		Release|Any CPU = Release|Any CPU
	EndGlobalSection
	GlobalSection(ProjectConfigurationPlatforms) = postSolution
		{B8E5155E-E4D9-4D1C-B9F1-2EDAF65CD847}.Debug|Any CPU.ActiveCfg = Debug|Any CPU
		{B8E5155E-E4D9-4D1C-B9F1-2EDAF65CD847}.Debug|Any CPU.Build.0 = Debug|Any CPU
		{B8E5155E-E4D9-4D1C-B9F1-2EDAF65CD847}.Release|Any CPU.ActiveCfg = Release|Any CPU
		{B8E5155E-E4D9-4D1C-B9F1-2EDAF65CD847}.Release|Any CPU.Build.0 = Release|Any CPU
		{AEDBAB85-179A-47E4-B95E-F7D64D119A42}.Debug|Any CPU.ActiveCfg = Debug|Any CPU
		{AEDBAB85-179A-47E4-B95E-F7D64D119A42}.Debug|Any CPU.Build.0 = Debug|Any CPU
		{AEDBAB85-179A-47E4-B95E-F7D64D119A42}.Release|Any CPU.ActiveCfg = Release|Any CPU
		{AEDBAB85-179A-47E4-B95E-F7D64D119A42}.Release|Any CPU.Build.0 = Release|Any CPU
		{618D5C6D-3A08-4DE1-A706-700F133ECB8D}.Debug|Any CPU.ActiveCfg = Debug|Any CPU
		{618D5C6D-3A08-4DE1-A706-700F133ECB8D}.Debug|Any CPU.Build.0 = Debug|Any CPU
		{618D5C6D-3A08-4DE1-A706-700F133ECB8D}.Release|Any CPU.ActiveCfg = Release|Any CPU
		{618D5C6D-3A08-4DE1-A706-700F133ECB8D}.Release|Any CPU.Build.0 = Release|Any CPU
	EndGlobalSection
	GlobalSection(SolutionProperties) = preSolution
		HideSolutionNode = FALSE
	EndGlobalSection
	GlobalSection(ExtensibilityGlobals) = postSolution
		SolutionGuid = {450A62BE-1460-4C13-9509-2A85664839A9}
	EndGlobalSection
EndGlobal
